{
  "pins" : [
    {
      "identity" : "any",
      "kind" : "remoteSourceControl",
      "location" : "https://github.com/The-Wand/Any.git",
      "state" : {
        "revision" : "5fccdf9628bc117439a87a564958196c28896c97",
        "version" : "1.0.3"
      }
    },
    {
      "identity" : "foundation",
      "kind" : "remoteSourceControl",
      "location" : "https://github.com/The-Wand/Foundation.git",
      "state" : {
        "revision" : "06a0a136685a8437cb696c1f6592e2151c0f5d0c",
        "version" : "2.0.14"
      }
    },
    {
      "identity" : "wand",
      "kind" : "remoteSourceControl",
      "location" : "https://github.com/The-Wand/Wand.git",
      "state" : {
        "revision" : "e22c561918686522f49c0daf9dfd7e9b889e31c6",
        "version" : "2.0.13"
      }
    }
  ],
  "version" : 2
}
