{
  "originHash" : "1abbea06d1b90f03d7ef31f1eb958ba9713519663e2efbdddf61c5d28a982984",
  "pins" : [
    {
      "identity" : "any",
      "kind" : "remoteSourceControl",
      "location" : "https://github.com/el-machine/Any",
      "state" : {
        "revision" : "ba94ebd40a70c5d6d058ae25f3b7cacb810dfec4",
        "version" : "1.0.1"
      }
    },
    {
      "identity" : "wand",
      "kind" : "remoteSourceControl",
      "location" : "https://github.com/The-Wand/Wand.git",
      "state" : {
        "revision" : "dc59d75e9eeca7d5709da4c066e6beccc5007c9b",
        "version" : "2.0.11"
      }
    }
  ],
  "version" : 3
}
