{
  "originHash" : "1abbea06d1b90f03d7ef31f1eb958ba9713519663e2efbdddf61c5d28a982984",
  "pins" : [
    {
      "identity" : "any",
      "kind" : "remoteSourceControl",
      "location" : "https://github.com/el-machine/Any",
      "state" : {
        "revision" : "5fccdf9628bc117439a87a564958196c28896c97",
        "version" : "1.0.3"
      }
    },
    {
      "identity" : "foundation",
      "kind" : "remoteSourceControl",
      "location" : "https://github.com/The-Wand/Foundation.git",
      "state" : {
        "revision" : "d93e741ee22fbd180bb882b0a64e32bec8d54346",
        "version" : "2.0.15"
      }
    },
    {
      "identity" : "wand",
      "kind" : "remoteSourceControl",
      "location" : "https://github.com/The-Wand/Wand.git",
      "state" : {
        "revision" : "e22c561918686522f49c0daf9dfd7e9b889e31c6",
        "version" : "2.0.13"
      }
    }
  ],
  "version" : 3
}
